{
  "version": 4,
  "terraform_version": "1.6.0",
  "serial": 70,
  "lineage": "cb05b920-6751-1186-3190-0dfd5408b865",
  "outputs": {
    "application_url_http": {
      "value": "http://57.181.50.44",
      "type": "string"
    },
    "application_url_https": {
      "value": "https://57.181.50.44",
      "type": "string"
    },
    "availability_zone": {
      "value": "ap-northeast-1c",
      "type": "string"
    },
    "deployment_info": {
      "value": {
        "aws_region": "ap-northeast-1",
        "data_volume_size": 20,
        "environment": "prod",
        "instance_type": "t3.micro",
        "root_volume_size": 30
      },
      "type": [
        "object",
        {
          "aws_region": "string",
          "data_volume_size": "number",
          "environment": "string",
          "instance_type": "string",
          "root_volume_size": "number"
        }
      ]
    },
    "domain_url_http": {
      "value": "Domain not configured",
      "type": "string"
    },
    "domain_url_https": {
      "value": "Domain not configured",
      "type": "string"
    },
    "instance_id": {
      "value": "i-078e3d8b814c36709",
      "type": "string"
    },
    "next_steps": {
      "value": "1. Connect to the instance: 57.181.50.44\n2. SSM command (recommended): aws ssm start-session --target i-078e3d8b814c36709\n3. Check the deployment status: sudo systemctl status docker\n4. View application logs: docker-compose logs\n5. Access the application: http://57.181.50.44\n    \nNote: SSM Session Manager is now used instead of SSH for secure access.\nIt may take 5-10 minutes for the application to be fully operational after the instance starts.\n",
      "type": "string"
    },
    "private_ip": {
      "value": "172.31.10.202",
      "type": "string"
    },
    "public_dns": {
      "value": "ec2-35-77-199-21.ap-northeast-1.compute.amazonaws.com",
      "type": "string"
    },
    "public_ip": {
      "value": "57.181.50.44",
      "type": "string"
    },
    "security_group_id": {
      "value": "sg-05ef6be97f7b6790b",
      "type": "string"
    },
    "ssh_connection_command": {
      "value": "ssh -i ~/.ssh/vol-log-key ec2-user@57.181.50.44",
      "type": "string"
    },
    "ssm_connection_command": {
      "value": "aws ssm start-session --target i-078e3d8b814c36709",
      "type": "string"
    }
  },
  "resources": [
    {
      "mode": "data",
      "type": "aws_ami",
      "name": "amazon_linux",
      "provider": "provider[\"registry.terraform.io/hashicorp/aws\"]",
      "instances": [
        {
          "schema_version": 0,
          "attributes": {
            "architecture": "x86_64",
            "arn": "arn:aws:ec2:ap-northeast-1::image/ami-0ddbbe422c8bf7886",
            "block_device_mappings": [
              {
                "device_name": "/dev/xvda",
                "ebs": {
                  "delete_on_termination": "true",
                  "encrypted": "false",
                  "iops": "3000",
                  "snapshot_id": "snap-0a8fd4f8d949e5ee9",
                  "throughput": "125",
                  "volume_initialization_rate": "0",
                  "volume_size": "30",
                  "volume_type": "gp3"
                },
                "no_device": "",
                "virtual_name": ""
              }
            ],
            "boot_mode": "uefi-preferred",
            "creation_date": "2025-08-13T03:51:53.000Z",
            "deprecation_time": "2027-08-13T03:51:53.000Z",
            "description": "Amazon Linux AMI 2023.0.20250812 x86_64 ECS HVM EBS",
            "ena_support": true,
            "executable_users": null,
            "filter": [
              {
                "name": "name",
                "values": [
                  "al2023-ami-*-x86_64"
                ]
              },
              {
                "name": "virtualization-type",
                "values": [
                  "hvm"
                ]
              }
            ],
            "hypervisor": "xen",
            "id": "ami-0ddbbe422c8bf7886",
            "image_id": "ami-0ddbbe422c8bf7886",
            "image_location": "amazon/al2023-ami-ecs-hvm-2023.0.20250812-kernel-6.1-x86_64",
            "image_owner_alias": "amazon",
            "image_type": "machine",
            "imds_support": "v2.0",
            "include_deprecated": false,
            "kernel_id": "",
            "last_launched_time": "",
            "most_recent": true,
            "name": "al2023-ami-ecs-hvm-2023.0.20250812-kernel-6.1-x86_64",
            "name_regex": null,
            "owner_id": "591542846629",
            "owners": [
              "amazon"
            ],
            "platform": "",
            "platform_details": "Linux/UNIX",
            "product_codes": [],
            "public": true,
            "ramdisk_id": "",
            "root_device_name": "/dev/xvda",
            "root_device_type": "ebs",
            "root_snapshot_id": "snap-0a8fd4f8d949e5ee9",
            "sriov_net_support": "simple",
            "state": "available",
            "state_reason": {
              "code": "UNSET",
              "message": "UNSET"
            },
            "tags": {},
            "timeouts": null,
            "tpm_support": "",
            "uefi_data": null,
            "usage_operation": "RunInstances",
            "virtualization_type": "hvm"
          },
          "sensitive_attributes": []
        }
      ]
    },
    {
      "mode": "data",
      "type": "aws_availability_zones",
      "name": "available",
      "provider": "provider[\"registry.terraform.io/hashicorp/aws\"]",
      "instances": [
        {
          "schema_version": 0,
          "attributes": {
            "all_availability_zones": null,
            "exclude_names": null,
            "exclude_zone_ids": null,
            "filter": null,
            "group_names": [
              "ap-northeast-1-zg-1"
            ],
            "id": "ap-northeast-1",
            "names": [
              "ap-northeast-1a",
              "ap-northeast-1c",
              "ap-northeast-1d"
            ],
            "state": "available",
            "timeouts": null,
            "zone_ids": [
              "apne1-az4",
              "apne1-az1",
              "apne1-az2"
            ]
          },
          "sensitive_attributes": []
        }
      ]
    },
    {
      "mode": "data",
      "type": "aws_subnets",
      "name": "default",
      "provider": "provider[\"registry.terraform.io/hashicorp/aws\"]",
      "instances": [
        {
          "schema_version": 0,
          "attributes": {
            "filter": [
              {
                "name": "vpc-id",
                "values": [
                  "vpc-018d6eb46b6e5790d"
                ]
              }
            ],
            "id": "ap-northeast-1",
            "ids": [
              "subnet-07e96ea6f1d986a91",
              "subnet-079aef5bdd965c609",
              "subnet-034da41cd63b8ddf5"
            ],
            "tags": null,
            "timeouts": null
          },
          "sensitive_attributes": []
        }
      ]
    },
    {
      "mode": "data",
      "type": "aws_vpc",
      "name": "default",
      "provider": "provider[\"registry.terraform.io/hashicorp/aws\"]",
      "instances": [
        {
          "schema_version": 0,
          "attributes": {
            "arn": "arn:aws:ec2:ap-northeast-1:733767263756:vpc/vpc-018d6eb46b6e5790d",
            "cidr_block": "172.31.0.0/16",
            "cidr_block_associations": [
              {
                "association_id": "vpc-cidr-assoc-0c4a5a72ee3620aff",
                "cidr_block": "172.31.0.0/16",
                "state": "associated"
              }
            ],
            "default": true,
            "dhcp_options_id": "dopt-0ab805fdcba54baca",
            "enable_dns_hostnames": true,
            "enable_dns_support": true,
            "enable_network_address_usage_metrics": false,
            "filter": null,
            "id": "vpc-018d6eb46b6e5790d",
            "instance_tenancy": "default",
            "ipv6_association_id": "",
            "ipv6_cidr_block": "",
            "main_route_table_id": "rtb-0f6e173b5ca760ed8",
            "owner_id": "733767263756",
            "state": null,
            "tags": {},
            "timeouts": null
          },
          "sensitive_attributes": []
        }
      ]
    },
    {
      "mode": "managed",
      "type": "aws_eip",
      "name": "vol_log_eip",
      "provider": "provider[\"registry.terraform.io/hashicorp/aws\"]",
      "instances": [
        {
          "schema_version": 0,
          "attributes": {
            "address": null,
            "allocation_id": "eipalloc-017ff2e5dcc53b2d6",
            "arn": "arn:aws:ec2:ap-northeast-1:733767263756:elastic-ip/eipalloc-017ff2e5dcc53b2d6",
            "associate_with_private_ip": null,
            "association_id": "eipassoc-01beabbb717cea3a5",
            "carrier_ip": "",
            "customer_owned_ip": "",
            "customer_owned_ipv4_pool": "",
            "domain": "vpc",
            "id": "eipalloc-017ff2e5dcc53b2d6",
            "instance": "i-078e3d8b814c36709",
            "ipam_pool_id": null,
            "network_border_group": "ap-northeast-1",
            "network_interface": "eni-03e964d82e35705f4",
            "private_dns": "ip-172-31-10-202.ap-northeast-1.compute.internal",
            "private_ip": "172.31.10.202",
            "ptr_record": "",
            "public_dns": "ec2-57-181-50-44.ap-northeast-1.compute.amazonaws.com",
            "public_ip": "57.181.50.44",
            "public_ipv4_pool": "amazon",
            "tags": {
              "Environment": "prod",
              "Name": "vol-log-eip",
              "Project": "vol-log"
            },
            "tags_all": {
              "Environment": "prod",
              "Name": "vol-log-eip",
              "Project": "vol-log"
            },
            "timeouts": null,
            "vpc": true
          },
          "sensitive_attributes": [],
          "private": "eyJlMmJmYjczMC1lY2FhLTExZTYtOGY4OC0zNDM2M2JjN2M0YzAiOnsiZGVsZXRlIjoxODAwMDAwMDAwMDAsInJlYWQiOjkwMDAwMDAwMDAwMCwidXBkYXRlIjozMDAwMDAwMDAwMDB9fQ==",
          "dependencies": [
            "aws_iam_instance_profile.ec2_profile",
            "aws_iam_role.ec2_role",
            "aws_instance.vol_log_app",
            "aws_key_pair.vol_log_key",
            "aws_security_group.vol_log_sg",
            "data.aws_ami.amazon_linux",
            "data.aws_subnets.default",
            "data.aws_vpc.default"
          ]
        }
      ]
    },
    {
      "mode": "managed",
      "type": "aws_iam_instance_profile",
      "name": "ec2_profile",
      "provider": "provider[\"registry.terraform.io/hashicorp/aws\"]",
      "instances": [
        {
          "schema_version": 0,
          "attributes": {
            "arn": "arn:aws:iam::733767263756:instance-profile/vol-log-ec2-profile",
            "create_date": "2025-08-15T12:32:30Z",
            "id": "vol-log-ec2-profile",
            "name": "vol-log-ec2-profile",
            "name_prefix": "",
            "path": "/",
            "role": "vol-log-ec2-role",
            "tags": null,
            "tags_all": {},
            "unique_id": "AIPA2VV7P4YGBT2AX4CZL"
          },
          "sensitive_attributes": [],
          "private": "bnVsbA==",
          "dependencies": [
            "aws_iam_role.ec2_role"
          ]
        }
      ]
    },
    {
      "mode": "managed",
      "type": "aws_iam_role",
      "name": "ec2_role",
      "provider": "provider[\"registry.terraform.io/hashicorp/aws\"]",
      "instances": [
        {
          "schema_version": 0,
          "attributes": {
            "arn": "arn:aws:iam::733767263756:role/vol-log-ec2-role",
            "assume_role_policy": "{\"Statement\":[{\"Action\":\"sts:AssumeRole\",\"Effect\":\"Allow\",\"Principal\":{\"Service\":\"ec2.amazonaws.com\"}}],\"Version\":\"2012-10-17\"}",
            "create_date": "2025-08-15T12:32:29Z",
            "description": "",
            "force_detach_policies": false,
            "id": "vol-log-ec2-role",
            "inline_policy": [],
            "managed_policy_arns": [],
            "max_session_duration": 3600,
            "name": "vol-log-ec2-role",
            "name_prefix": "",
            "path": "/",
            "permissions_boundary": "",
            "tags": {
              "Environment": "prod",
              "Name": "vol-log-ec2-role",
              "Project": "vol-log"
            },
            "tags_all": {
              "Environment": "prod",
              "Name": "vol-log-ec2-role",
              "Project": "vol-log"
            },
            "unique_id": "AROA2VV7P4YGIT3GI6PIA"
          },
          "sensitive_attributes": [],
          "private": "bnVsbA=="
        }
      ]
    },
    {
      "mode": "managed",
      "type": "aws_iam_role_policy_attachment",
      "name": "ssm_managed_instance_core",
      "provider": "provider[\"registry.terraform.io/hashicorp/aws\"]",
      "instances": [
        {
          "schema_version": 0,
          "attributes": {
            "id": "vol-log-ec2-role-20250815123231201700000002",
            "policy_arn": "arn:aws:iam::aws:policy/AmazonSSMManagedInstanceCore",
            "role": "vol-log-ec2-role"
          },
          "sensitive_attributes": [],
          "private": "bnVsbA==",
          "dependencies": [
            "aws_iam_role.ec2_role"
          ]
        }
      ]
    },
    {
      "mode": "managed",
      "type": "aws_instance",
      "name": "vol_log_app",
      "provider": "provider[\"registry.terraform.io/hashicorp/aws\"]",
      "instances": [
        {
          "schema_version": 1,
          "attributes": {
            "ami": "ami-0ddbbe422c8bf7886",
            "arn": "arn:aws:ec2:ap-northeast-1:733767263756:instance/i-078e3d8b814c36709",
            "associate_public_ip_address": true,
            "availability_zone": "ap-northeast-1c",
            "capacity_reservation_specification": [
              {
                "capacity_reservation_preference": "open",
                "capacity_reservation_target": []
              }
            ],
            "cpu_core_count": 1,
            "cpu_options": [
              {
                "amd_sev_snp": "",
                "core_count": 1,
                "threads_per_core": 2
              }
            ],
            "cpu_threads_per_core": 2,
            "credit_specification": [
              {
                "cpu_credits": "unlimited"
              }
            ],
            "disable_api_stop": false,
            "disable_api_termination": false,
            "ebs_block_device": [
              {
                "delete_on_termination": true,
                "device_name": "/dev/sdf",
                "encrypted": true,
                "iops": 3000,
                "kms_key_id": "arn:aws:kms:ap-northeast-1:733767263756:key/c6e8b64a-7372-4033-8092-6767e2650e0d",
                "snapshot_id": "",
                "tags": {
                  "Environment": "prod",
                  "Name": "vol-log-data-volume",
                  "Project": "vol-log"
                },
                "tags_all": {
                  "Environment": "prod",
                  "Name": "vol-log-data-volume",
                  "Project": "vol-log"
                },
                "throughput": 125,
                "volume_id": "vol-093261b267b65f6a4",
                "volume_size": 20,
                "volume_type": "gp3"
              }
            ],
            "ebs_optimized": false,
            "enable_primary_ipv6": null,
            "enclave_options": [
              {
                "enabled": false
              }
            ],
            "ephemeral_block_device": [],
            "get_password_data": false,
            "hibernation": false,
            "host_id": "",
            "host_resource_group_arn": null,
            "iam_instance_profile": "vol-log-ec2-profile",
            "id": "i-078e3d8b814c36709",
            "instance_initiated_shutdown_behavior": "stop",
            "instance_lifecycle": "",
            "instance_market_options": [],
            "instance_state": "running",
            "instance_type": "t3.micro",
            "ipv6_address_count": 0,
            "ipv6_addresses": [],
            "key_name": "vol-log-key",
            "launch_template": [],
            "maintenance_options": [
              {
                "auto_recovery": "default"
              }
            ],
            "metadata_options": [
              {
                "http_endpoint": "enabled",
                "http_protocol_ipv6": "disabled",
                "http_put_response_hop_limit": 2,
                "http_tokens": "required",
                "instance_metadata_tags": "disabled"
              }
            ],
            "monitoring": false,
            "network_interface": [],
            "outpost_arn": "",
            "password_data": "",
            "placement_group": "",
            "placement_partition_number": 0,
            "primary_network_interface_id": "eni-03e964d82e35705f4",
            "private_dns": "ip-172-31-10-202.ap-northeast-1.compute.internal",
            "private_dns_name_options": [
              {
                "enable_resource_name_dns_a_record": false,
                "enable_resource_name_dns_aaaa_record": false,
                "hostname_type": "ip-name"
              }
            ],
            "private_ip": "172.31.10.202",
            "public_dns": "ec2-35-77-199-21.ap-northeast-1.compute.amazonaws.com",
            "public_ip": "35.77.199.21",
            "root_block_device": [
              {
                "delete_on_termination": true,
                "device_name": "/dev/xvda",
                "encrypted": true,
                "iops": 3000,
                "kms_key_id": "arn:aws:kms:ap-northeast-1:733767263756:key/c6e8b64a-7372-4033-8092-6767e2650e0d",
                "tags": {
                  "Environment": "prod",
                  "Name": "vol-log-root-volume",
                  "Project": "vol-log"
                },
                "tags_all": {
                  "Environment": "prod",
                  "Name": "vol-log-root-volume",
                  "Project": "vol-log"
                },
                "throughput": 125,
                "volume_id": "vol-05d067b7b655cd201",
                "volume_size": 30,
                "volume_type": "gp3"
              }
            ],
            "secondary_private_ips": [],
            "security_groups": [
              "vol-log-sg-20250815123229168200000001"
            ],
            "source_dest_check": true,
            "spot_instance_request_id": "",
            "subnet_id": "subnet-07e96ea6f1d986a91",
            "tags": {
              "Environment": "prod",
              "Name": "vol-log-application",
              "Project": "vol-log",
              "Purpose": "Docker host for Vol Log application"
            },
            "tags_all": {
              "Environment": "prod",
              "Name": "vol-log-application",
              "Project": "vol-log",
              "Purpose": "Docker host for Vol Log application"
            },
            "tenancy": "default",
            "timeouts": null,
            "user_data": "7311f371b6f99af2e286993a14c2e8d0d4191719",
            "user_data_base64": null,
            "user_data_replace_on_change": false,
            "volume_tags": null,
            "vpc_security_group_ids": [
              "sg-05ef6be97f7b6790b"
            ]
          },
          "sensitive_attributes": [],
          "private": "eyJlMmJmYjczMC1lY2FhLTExZTYtOGY4OC0zNDM2M2JjN2M0YzAiOnsiY3JlYXRlIjo2MDAwMDAwMDAwMDAsImRlbGV0ZSI6MTIwMDAwMDAwMDAwMCwicmVhZCI6OTAwMDAwMDAwMDAwLCJ1cGRhdGUiOjYwMDAwMDAwMDAwMH0sInNjaGVtYV92ZXJzaW9uIjoiMSJ9",
          "dependencies": [
            "aws_iam_instance_profile.ec2_profile",
            "aws_iam_role.ec2_role",
            "aws_key_pair.vol_log_key",
            "aws_security_group.vol_log_sg",
            "data.aws_ami.amazon_linux",
            "data.aws_subnets.default",
            "data.aws_vpc.default"
          ]
        }
      ]
    },
    {
      "mode": "managed",
      "type": "aws_key_pair",
      "name": "vol_log_key",
      "provider": "provider[\"registry.terraform.io/hashicorp/aws\"]",
      "instances": [
        {
          "schema_version": 1,
          "attributes": {
            "arn": "arn:aws:ec2:ap-northeast-1:733767263756:key-pair/vol-log-key",
            "fingerprint": "45:c8:63:6d:81:bc:7d:b1:78:71:db:37:e2:dd:18:a2",
            "id": "vol-log-key",
            "key_name": "vol-log-key",
            "key_name_prefix": "",
            "key_pair_id": "key-0bbda06a0dc2cb78c",
            "key_type": "rsa",
            "public_key": "ssh-rsa AAAAB3NzaC1yc2EAAAADAQABAAACAQDPyFpkPuuhU/3xDIW1vmcaGDaHCKMVARwlvAoCLyQG9XN6qqf69uSgrjySBPQJi7Y1qsaBDBtrpRcSoSsDzqkszS9uwlgD/FNnRPSR/x7YnVmPSX441iKqyrXZqVKHq1eM5npoI3AcdMOA37o3LWc3X1ItEmbwH22MJgQe8TLCVjPDJutrS/Sg3J3EXOUpIHZ6PmpKbWXIw+CjAycvlLbg6DZ4W5WwsSAibybD5b5aGaiuE9FVfSKZRPccDcDotv2e5/cqtNQJRdjk+RDHuNQsva5NIr//ApFtI8G9cMvlTo4oXRTXcxdWssieTF+o/T0YFcXd/rC7+p7F2aH56H36VJ3p56w+qokCm+66+n4seH3bdK6KOfWv3376ab6DNoErHoWq/8WER0Db93AQfNvasZvsWz8dZcO1gCVfUH57eYOD7+dWge7nGOCK7uf9Z3IojkNBax1WBhguoVm77IDXfzAzBJv6MkTLFWUeIHBVt3jjWdrNGCWlq6b9PjHiXp+w25Vf3aHvj7bsokgJdgXH+DRduWumccZo4gP8TQv4OwlrA+zHyaoSyHLwVSuFzqeDnTC8DCnxLTJ+ehpi3a5Pj8iVGbNQ5QbP6Ayfzgo7kn5QTNHxmGyW1MDnjDHquLKLL1Ud34vn61Fbnx8Hh9kC9Bskjd6Sjp9LcEOe39RQSw== ikarigata@LAPTOP-TKUFSG3R",
            "tags": {
              "Environment": "prod",
              "Name": "vol-log-key-pair",
              "Project": "vol-log"
            },
            "tags_all": {
              "Environment": "prod",
              "Name": "vol-log-key-pair",
              "Project": "vol-log"
            }
          },
          "sensitive_attributes": [],
          "private": "eyJzY2hlbWFfdmVyc2lvbiI6IjEifQ=="
        }
      ]
    },
    {
      "mode": "managed",
      "type": "aws_security_group",
      "name": "vol_log_sg",
      "provider": "provider[\"registry.terraform.io/hashicorp/aws\"]",
      "instances": [
        {
          "schema_version": 1,
          "attributes": {
            "arn": "arn:aws:ec2:ap-northeast-1:733767263756:security-group/sg-05ef6be97f7b6790b",
            "description": "Security group for Vol Log application",
            "egress": [
              {
                "cidr_blocks": [
                  "0.0.0.0/0"
                ],
                "description": "",
                "from_port": 0,
                "ipv6_cidr_blocks": [],
                "prefix_list_ids": [],
                "protocol": "-1",
                "security_groups": [],
                "self": false,
                "to_port": 0
              }
            ],
            "id": "sg-05ef6be97f7b6790b",
            "ingress": [
              {
                "cidr_blocks": [
                  "0.0.0.0/0"
                ],
                "description": "HTTP",
                "from_port": 80,
                "ipv6_cidr_blocks": [],
                "prefix_list_ids": [],
                "protocol": "tcp",
                "security_groups": [],
                "self": false,
                "to_port": 80
              },
              {
                "cidr_blocks": [
                  "0.0.0.0/0"
                ],
                "description": "HTTPS",
                "from_port": 443,
                "ipv6_cidr_blocks": [],
                "prefix_list_ids": [],
                "protocol": "tcp",
                "security_groups": [],
                "self": false,
                "to_port": 443
              }
            ],
            "name": "vol-log-sg-20250815123229168200000001",
            "name_prefix": "vol-log-sg-",
            "owner_id": "733767263756",
            "revoke_rules_on_delete": false,
            "tags": {
              "Environment": "prod",
              "Name": "vol-log-security-group",
              "Project": "vol-log"
            },
            "tags_all": {
              "Environment": "prod",
              "Name": "vol-log-security-group",
              "Project": "vol-log"
            },
            "timeouts": null,
            "vpc_id": "vpc-018d6eb46b6e5790d"
          },
          "sensitive_attributes": [],
          "private": "eyJlMmJmYjczMC1lY2FhLTExZTYtOGY4OC0zNDM2M2JjN2M0YzAiOnsiY3JlYXRlIjo2MDAwMDAwMDAwMDAsImRlbGV0ZSI6OTAwMDAwMDAwMDAwfSwic2NoZW1hX3ZlcnNpb24iOiIxIn0=",
          "dependencies": [
            "data.aws_vpc.default"
          ]
        }
      ]
    }
  ],
  "check_results": [
    {
      "object_kind": "var",
      "config_addr": "var.instance_type",
      "status": "pass",
      "objects": [
        {
          "object_addr": "var.instance_type",
          "status": "pass"
        }
      ]
    },
    {
      "object_kind": "var",
      "config_addr": "var.root_volume_size",
      "status": "pass",
      "objects": [
        {
          "object_addr": "var.root_volume_size",
          "status": "pass"
        }
      ]
    },
    {
      "object_kind": "var",
      "config_addr": "var.allowed_ssh_cidrs",
      "status": "pass",
      "objects": [
        {
          "object_addr": "var.allowed_ssh_cidrs",
          "status": "pass"
        }
      ]
    },
    {
      "object_kind": "var",
      "config_addr": "var.data_volume_size",
      "status": "pass",
      "objects": [
        {
          "object_addr": "var.data_volume_size",
          "status": "pass"
        }
      ]
    },
    {
      "object_kind": "var",
      "config_addr": "var.public_key",
      "status": "pass",
      "objects": [
        {
          "object_addr": "var.public_key",
          "status": "pass"
        }
      ]
    }
  ]
}
