{
  "version": 4,
  "terraform_version": "1.6.0",
  "serial": 22,
  "lineage": "cb05b920-6751-1186-3190-0dfd5408b865",
  "outputs": {
    "deployment_info": {
      "value": {
        "aws_region": "ap-northeast-1",
        "data_volume_size": 20,
        "environment": "prod",
        "instance_type": "t3.micro",
        "root_volume_size": 20
      },
      "type": [
        "object",
        {
          "aws_region": "string",
          "data_volume_size": "number",
          "environment": "string",
          "instance_type": "string",
          "root_volume_size": "number"
        }
      ]
    },
    "domain_url_http": {
      "value": "Domain not configured",
      "type": "string"
    },
    "domain_url_https": {
      "value": "Domain not configured",
      "type": "string"
    },
    "security_group_id": {
      "value": "sg-023d71320dbd0247f",
      "type": "string"
    }
  },
  "resources": [
    {
      "mode": "data",
      "type": "aws_ami",
      "name": "amazon_linux",
      "provider": "provider[\"registry.terraform.io/hashicorp/aws\"]",
      "instances": [
        {
          "schema_version": 0,
          "attributes": {
            "architecture": "x86_64",
            "arn": "arn:aws:ec2:ap-northeast-1::image/ami-08fbd6ba6661b7bf3",
            "block_device_mappings": [
              {
                "device_name": "/dev/xvda",
                "ebs": {
                  "delete_on_termination": "true",
                  "encrypted": "false",
                  "iops": "3000",
                  "snapshot_id": "snap-0663a740e8c3b4576",
                  "throughput": "125",
                  "volume_initialization_rate": "0",
                  "volume_size": "2",
                  "volume_type": "gp3"
                },
                "no_device": "",
                "virtual_name": ""
              }
            ],
            "boot_mode": "uefi-preferred",
            "creation_date": "2025-08-08T19:06:27.000Z",
            "deprecation_time": "2025-11-06T19:06:00.000Z",
            "description": "Amazon Linux 2023 AMI 2023.8.20250808.1 x86_64 Minimal HVM kernel-6.1",
            "ena_support": true,
            "executable_users": null,
            "filter": [
              {
                "name": "name",
                "values": [
                  "al2023-ami-*-x86_64"
                ]
              },
              {
                "name": "virtualization-type",
                "values": [
                  "hvm"
                ]
              }
            ],
            "hypervisor": "xen",
            "id": "ami-08fbd6ba6661b7bf3",
            "image_id": "ami-08fbd6ba6661b7bf3",
            "image_location": "amazon/al2023-ami-minimal-2023.8.20250808.1-kernel-6.1-x86_64",
            "image_owner_alias": "amazon",
            "image_type": "machine",
            "imds_support": "v2.0",
            "include_deprecated": false,
            "kernel_id": "",
            "last_launched_time": "",
            "most_recent": true,
            "name": "al2023-ami-minimal-2023.8.20250808.1-kernel-6.1-x86_64",
            "name_regex": null,
            "owner_id": "137112412989",
            "owners": [
              "amazon"
            ],
            "platform": "",
            "platform_details": "Linux/UNIX",
            "product_codes": [],
            "public": true,
            "ramdisk_id": "",
            "root_device_name": "/dev/xvda",
            "root_device_type": "ebs",
            "root_snapshot_id": "snap-0663a740e8c3b4576",
            "sriov_net_support": "simple",
            "state": "available",
            "state_reason": {
              "code": "UNSET",
              "message": "UNSET"
            },
            "tags": {},
            "timeouts": null,
            "tpm_support": "",
            "uefi_data": null,
            "usage_operation": "RunInstances",
            "virtualization_type": "hvm"
          },
          "sensitive_attributes": []
        }
      ]
    },
    {
      "mode": "data",
      "type": "aws_availability_zones",
      "name": "available",
      "provider": "provider[\"registry.terraform.io/hashicorp/aws\"]",
      "instances": [
        {
          "schema_version": 0,
          "attributes": {
            "all_availability_zones": null,
            "exclude_names": null,
            "exclude_zone_ids": null,
            "filter": null,
            "group_names": [
              "ap-northeast-1-zg-1"
            ],
            "id": "ap-northeast-1",
            "names": [
              "ap-northeast-1a",
              "ap-northeast-1c",
              "ap-northeast-1d"
            ],
            "state": "available",
            "timeouts": null,
            "zone_ids": [
              "apne1-az4",
              "apne1-az1",
              "apne1-az2"
            ]
          },
          "sensitive_attributes": []
        }
      ]
    },
    {
      "mode": "data",
      "type": "aws_subnets",
      "name": "default",
      "provider": "provider[\"registry.terraform.io/hashicorp/aws\"]",
      "instances": [
        {
          "schema_version": 0,
          "attributes": {
            "filter": [
              {
                "name": "vpc-id",
                "values": [
                  "vpc-018d6eb46b6e5790d"
                ]
              }
            ],
            "id": "ap-northeast-1",
            "ids": [
              "subnet-07e96ea6f1d986a91",
              "subnet-079aef5bdd965c609",
              "subnet-034da41cd63b8ddf5"
            ],
            "tags": null,
            "timeouts": null
          },
          "sensitive_attributes": []
        }
      ]
    },
    {
      "mode": "data",
      "type": "aws_vpc",
      "name": "default",
      "provider": "provider[\"registry.terraform.io/hashicorp/aws\"]",
      "instances": [
        {
          "schema_version": 0,
          "attributes": {
            "arn": "arn:aws:ec2:ap-northeast-1:733767263756:vpc/vpc-018d6eb46b6e5790d",
            "cidr_block": "172.31.0.0/16",
            "cidr_block_associations": [
              {
                "association_id": "vpc-cidr-assoc-0c4a5a72ee3620aff",
                "cidr_block": "172.31.0.0/16",
                "state": "associated"
              }
            ],
            "default": true,
            "dhcp_options_id": "dopt-0ab805fdcba54baca",
            "enable_dns_hostnames": true,
            "enable_dns_support": true,
            "enable_network_address_usage_metrics": false,
            "filter": null,
            "id": "vpc-018d6eb46b6e5790d",
            "instance_tenancy": "default",
            "ipv6_association_id": "",
            "ipv6_cidr_block": "",
            "main_route_table_id": "rtb-0f6e173b5ca760ed8",
            "owner_id": "733767263756",
            "state": null,
            "tags": {},
            "timeouts": null
          },
          "sensitive_attributes": []
        }
      ]
    },
    {
      "mode": "managed",
      "type": "aws_iam_instance_profile",
      "name": "ec2_profile",
      "provider": "provider[\"registry.terraform.io/hashicorp/aws\"]",
      "instances": [
        {
          "schema_version": 0,
          "attributes": {
            "arn": "arn:aws:iam::733767263756:instance-profile/lift-log-ec2-profile",
            "create_date": "2025-08-12T07:06:18Z",
            "id": "lift-log-ec2-profile",
            "name": "lift-log-ec2-profile",
            "name_prefix": "",
            "path": "/",
            "role": "lift-log-ec2-role",
            "tags": {},
            "tags_all": {},
            "unique_id": "AIPA2VV7P4YGJN2VRVSYN"
          },
          "sensitive_attributes": [],
          "private": "bnVsbA==",
          "dependencies": [
            "aws_iam_role.ec2_role"
          ]
        }
      ]
    },
    {
      "mode": "managed",
      "type": "aws_iam_role",
      "name": "ec2_role",
      "provider": "provider[\"registry.terraform.io/hashicorp/aws\"]",
      "instances": [
        {
          "schema_version": 0,
          "attributes": {
            "arn": "arn:aws:iam::733767263756:role/lift-log-ec2-role",
            "assume_role_policy": "{\"Statement\":[{\"Action\":\"sts:AssumeRole\",\"Effect\":\"Allow\",\"Principal\":{\"Service\":\"ec2.amazonaws.com\"}}],\"Version\":\"2012-10-17\"}",
            "create_date": "2025-08-12T07:06:15Z",
            "description": "",
            "force_detach_policies": false,
            "id": "lift-log-ec2-role",
            "inline_policy": [],
            "managed_policy_arns": [],
            "max_session_duration": 3600,
            "name": "lift-log-ec2-role",
            "name_prefix": "",
            "path": "/",
            "permissions_boundary": "",
            "tags": {
              "Environment": "prod",
              "Name": "lift-log-ec2-role",
              "Project": "lift-log"
            },
            "tags_all": {
              "Environment": "prod",
              "Name": "lift-log-ec2-role",
              "Project": "lift-log"
            },
            "unique_id": "AROA2VV7P4YGO7O6P6EVD"
          },
          "sensitive_attributes": [],
          "private": "bnVsbA=="
        }
      ]
    },
    {
      "mode": "managed",
      "type": "aws_key_pair",
      "name": "lift_log_key",
      "provider": "provider[\"registry.terraform.io/hashicorp/aws\"]",
      "instances": [
        {
          "schema_version": 1,
          "attributes": {
            "arn": "arn:aws:ec2:ap-northeast-1:733767263756:key-pair/lift-log-key",
            "fingerprint": "45:c8:63:6d:81:bc:7d:b1:78:71:db:37:e2:dd:18:a2",
            "id": "lift-log-key",
            "key_name": "lift-log-key",
            "key_name_prefix": "",
            "key_pair_id": "key-086c34618c54a2dd2",
            "key_type": "rsa",
            "public_key": "ssh-rsa AAAAB3NzaC1yc2EAAAADAQABAAACAQDPyFpkPuuhU/3xDIW1vmcaGDaHCKMVARwlvAoCLyQG9XN6qqf69uSgrjySBPQJi7Y1qsaBDBtrpRcSoSsDzqkszS9uwlgD/FNnRPSR/x7YnVmPSX441iKqyrXZqVKHq1eM5npoI3AcdMOA37o3LWc3X1ItEmbwH22MJgQe8TLCVjPDJutrS/Sg3J3EXOUpIHZ6PmpKbWXIw+CjAycvlLbg6DZ4W5WwsSAibybD5b5aGaiuE9FVfSKZRPccDcDotv2e5/cqtNQJRdjk+RDHuNQsva5NIr//ApFtI8G9cMvlTo4oXRTXcxdWssieTF+o/T0YFcXd/rC7+p7F2aH56H36VJ3p56w+qokCm+66+n4seH3bdK6KOfWv3376ab6DNoErHoWq/8WER0Db93AQfNvasZvsWz8dZcO1gCVfUH57eYOD7+dWge7nGOCK7uf9Z3IojkNBax1WBhguoVm77IDXfzAzBJv6MkTLFWUeIHBVt3jjWdrNGCWlq6b9PjHiXp+w25Vf3aHvj7bsokgJdgXH+DRduWumccZo4gP8TQv4OwlrA+zHyaoSyHLwVSuFzqeDnTC8DCnxLTJ+ehpi3a5Pj8iVGbNQ5QbP6Ayfzgo7kn5QTNHxmGyW1MDnjDHquLKLL1Ud34vn61Fbnx8Hh9kC9Bskjd6Sjp9LcEOe39RQSw== ikarigata@LAPTOP-TKUFSG3R",
            "tags": {
              "Environment": "prod",
              "Name": "lift-log-key-pair",
              "Project": "lift-log"
            },
            "tags_all": {
              "Environment": "prod",
              "Name": "lift-log-key-pair",
              "Project": "lift-log"
            }
          },
          "sensitive_attributes": [],
          "private": "eyJzY2hlbWFfdmVyc2lvbiI6IjEifQ=="
        }
      ]
    },
    {
      "mode": "managed",
      "type": "aws_security_group",
      "name": "lift_log_sg",
      "provider": "provider[\"registry.terraform.io/hashicorp/aws\"]",
      "instances": [
        {
          "schema_version": 1,
          "attributes": {
            "arn": "arn:aws:ec2:ap-northeast-1:733767263756:security-group/sg-023d71320dbd0247f",
            "description": "Security group for Lift Log application",
            "egress": [
              {
                "cidr_blocks": [
                  "0.0.0.0/0"
                ],
                "description": "",
                "from_port": 0,
                "ipv6_cidr_blocks": [],
                "prefix_list_ids": [],
                "protocol": "-1",
                "security_groups": [],
                "self": false,
                "to_port": 0
              }
            ],
            "id": "sg-023d71320dbd0247f",
            "ingress": [
              {
                "cidr_blocks": [
                  "0.0.0.0/0"
                ],
                "description": "HTTP",
                "from_port": 80,
                "ipv6_cidr_blocks": [],
                "prefix_list_ids": [],
                "protocol": "tcp",
                "security_groups": [],
                "self": false,
                "to_port": 80
              },
              {
                "cidr_blocks": [
                  "0.0.0.0/0"
                ],
                "description": "HTTPS",
                "from_port": 443,
                "ipv6_cidr_blocks": [],
                "prefix_list_ids": [],
                "protocol": "tcp",
                "security_groups": [],
                "self": false,
                "to_port": 443
              },
              {
                "cidr_blocks": [
                  "217.178.163.96/32"
                ],
                "description": "SSH",
                "from_port": 22,
                "ipv6_cidr_blocks": [],
                "prefix_list_ids": [],
                "protocol": "tcp",
                "security_groups": [],
                "self": false,
                "to_port": 22
              }
            ],
            "name": "lift-log-sg-20250812063504666100000001",
            "name_prefix": "lift-log-sg-",
            "owner_id": "733767263756",
            "revoke_rules_on_delete": false,
            "tags": {
              "Environment": "prod",
              "Name": "lift-log-security-group",
              "Project": "lift-log"
            },
            "tags_all": {
              "Environment": "prod",
              "Name": "lift-log-security-group",
              "Project": "lift-log"
            },
            "timeouts": null,
            "vpc_id": "vpc-018d6eb46b6e5790d"
          },
          "sensitive_attributes": [],
          "private": "eyJlMmJmYjczMC1lY2FhLTExZTYtOGY4OC0zNDM2M2JjN2M0YzAiOnsiY3JlYXRlIjo2MDAwMDAwMDAwMDAsImRlbGV0ZSI6OTAwMDAwMDAwMDAwfSwic2NoZW1hX3ZlcnNpb24iOiIxIn0=",
          "dependencies": [
            "data.aws_vpc.default"
          ]
        }
      ]
    }
  ],
  "check_results": [
    {
      "object_kind": "var",
      "config_addr": "var.public_key",
      "status": "pass",
      "objects": [
        {
          "object_addr": "var.public_key",
          "status": "pass"
        }
      ]
    },
    {
      "object_kind": "var",
      "config_addr": "var.allowed_ssh_cidrs",
      "status": "pass",
      "objects": [
        {
          "object_addr": "var.allowed_ssh_cidrs",
          "status": "pass"
        }
      ]
    },
    {
      "object_kind": "var",
      "config_addr": "var.instance_type",
      "status": "pass",
      "objects": [
        {
          "object_addr": "var.instance_type",
          "status": "pass"
        }
      ]
    },
    {
      "object_kind": "var",
      "config_addr": "var.root_volume_size",
      "status": "pass",
      "objects": [
        {
          "object_addr": "var.root_volume_size",
          "status": "pass"
        }
      ]
    },
    {
      "object_kind": "var",
      "config_addr": "var.data_volume_size",
      "status": "pass",
      "objects": [
        {
          "object_addr": "var.data_volume_size",
          "status": "pass"
        }
      ]
    }
  ]
}
